// !$*UTF8*$!
{
	archiveVersion = 1;
	classes = {
	};
	objectVersion = 46;
	objects = {

/* Begin PBXBuildFile section */
		213474641BFFF24A00D1212B /* Foundation.framework in Frameworks */ = {isa = PBXBuildFile; fileRef = 213474631BFFF24A00D1212B /* Foundation.framework */; };
		213474661BFFF24A00D1212B /* CoreGraphics.framework in Frameworks */ = {isa = PBXBuildFile; fileRef = 213474651BFFF24A00D1212B /* CoreGraphics.framework */; };
		213474681BFFF24A00D1212B /* UIKit.framework in Frameworks */ = {isa = PBXBuildFile; fileRef = 213474671BFFF24A00D1212B /* UIKit.framework */; };
		2134746E1BFFF24A00D1212B /* InfoPlist.strings in Resources */ = {isa = PBXBuildFile; fileRef = 2134746C1BFFF24A00D1212B /* InfoPlist.strings */; };
		213474701BFFF24A00D1212B /* main.m in Sources */ = {isa = PBXBuildFile; fileRef = 2134746F1BFFF24A00D1212B /* main.m */; };
		213474741BFFF24A00D1212B /* LiloAppDelegate.m in Sources */ = {isa = PBXBuildFile; fileRef = 213474731BFFF24A00D1212B /* LiloAppDelegate.m */; };
		213474771BFFF24A00D1212B /* Main.storyboard in Resources */ = {isa = PBXBuildFile; fileRef = 213474751BFFF24A00D1212B /* Main.storyboard */; };
		2134747A1BFFF24A00D1212B /* LiloViewController.m in Sources */ = {isa = PBXBuildFile; fileRef = 213474791BFFF24A00D1212B /* LiloViewController.m */; };
		2134747C1BFFF24A00D1212B /* Images.xcassets in Resources */ = {isa = PBXBuildFile; fileRef = 2134747B1BFFF24A00D1212B /* Images.xcassets */; };
		213474831BFFF24A00D1212B /* XCTest.framework in Frameworks */ = {isa = PBXBuildFile; fileRef = 213474821BFFF24A00D1212B /* XCTest.framework */; };
		213474841BFFF24A00D1212B /* Foundation.framework in Frameworks */ = {isa = PBXBuildFile; fileRef = 213474631BFFF24A00D1212B /* Foundation.framework */; };
		213474851BFFF24A00D1212B /* UIKit.framework in Frameworks */ = {isa = PBXBuildFile; fileRef = 213474671BFFF24A00D1212B /* UIKit.framework */; };
		2134748D1BFFF24A00D1212B /* InfoPlist.strings in Resources */ = {isa = PBXBuildFile; fileRef = 2134748B1BFFF24A00D1212B /* InfoPlist.strings */; };
		2134748F1BFFF24A00D1212B /* liloDemoTests.m in Sources */ = {isa = PBXBuildFile; fileRef = 2134748E1BFFF24A00D1212B /* liloDemoTests.m */; };
/* End PBXBuildFile section */

/* Begin PBXContainerItemProxy section */
		213474861BFFF24A00D1212B /* PBXContainerItemProxy */ = {
			isa = PBXContainerItemProxy;
			containerPortal = 213474581BFFF24A00D1212B /* Project object */;
			proxyType = 1;
			remoteGlobalIDString = 2134745F1BFFF24A00D1212B;
			remoteInfo = liloDemo;
		};
/* End PBXContainerItemProxy section */

/* Begin PBXFileReference section */
		213474601BFFF24A00D1212B /* liloDemo.app */ = {isa = PBXFileReference; explicitFileType = wrapper.application; includeInIndex = 0; path = liloDemo.app; sourceTree = BUILT_PRODUCTS_DIR; };
		213474631BFFF24A00D1212B /* Foundation.framework */ = {isa = PBXFileReference; lastKnownFileType = wrapper.framework; name = Foundation.framework; path = System/Library/Frameworks/Foundation.framework; sourceTree = SDKROOT; };
		213474651BFFF24A00D1212B /* CoreGraphics.framework */ = {isa = PBXFileReference; lastKnownFileType = wrapper.framework; name = CoreGraphics.framework; path = System/Library/Frameworks/CoreGraphics.framework; sourceTree = SDKROOT; };
		213474671BFFF24A00D1212B /* UIKit.framework */ = {isa = PBXFileReference; lastKnownFileType = wrapper.framework; name = UIKit.framework; path = System/Library/Frameworks/UIKit.framework; sourceTree = SDKROOT; };
		2134746B1BFFF24A00D1212B /* liloDemo-Info.plist */ = {isa = PBXFileReference; lastKnownFileType = text.plist.xml; path = "liloDemo-Info.plist"; sourceTree = "<group>"; };
		2134746D1BFFF24A00D1212B /* en */ = {isa = PBXFileReference; lastKnownFileType = text.plist.strings; name = en; path = en.lproj/InfoPlist.strings; sourceTree = "<group>"; };
		2134746F1BFFF24A00D1212B /* main.m */ = {isa = PBXFileReference; lastKnownFileType = sourcecode.c.objc; path = main.m; sourceTree = "<group>"; };
		213474711BFFF24A00D1212B /* liloDemo-Prefix.pch */ = {isa = PBXFileReference; lastKnownFileType = sourcecode.c.h; path = "liloDemo-Prefix.pch"; sourceTree = "<group>"; };
		213474721BFFF24A00D1212B /* LiloAppDelegate.h */ = {isa = PBXFileReference; lastKnownFileType = sourcecode.c.h; path = LiloAppDelegate.h; sourceTree = "<group>"; };
		213474731BFFF24A00D1212B /* LiloAppDelegate.m */ = {isa = PBXFileReference; lastKnownFileType = sourcecode.c.objc; path = LiloAppDelegate.m; sourceTree = "<group>"; };
		213474761BFFF24A00D1212B /* Base */ = {isa = PBXFileReference; lastKnownFileType = file.storyboard; name = Base; path = Base.lproj/Main.storyboard; sourceTree = "<group>"; };
		213474781BFFF24A00D1212B /* LiloViewController.h */ = {isa = PBXFileReference; lastKnownFileType = sourcecode.c.h; path = LiloViewController.h; sourceTree = "<group>"; };
		213474791BFFF24A00D1212B /* LiloViewController.m */ = {isa = PBXFileReference; lastKnownFileType = sourcecode.c.objc; path = LiloViewController.m; sourceTree = "<group>"; };
		2134747B1BFFF24A00D1212B /* Images.xcassets */ = {isa = PBXFileReference; lastKnownFileType = folder.assetcatalog; path = Images.xcassets; sourceTree = "<group>"; };
		213474811BFFF24A00D1212B /* liloDemoTests.xctest */ = {isa = PBXFileReference; explicitFileType = wrapper.cfbundle; includeInIndex = 0; path = liloDemoTests.xctest; sourceTree = BUILT_PRODUCTS_DIR; };
		213474821BFFF24A00D1212B /* XCTest.framework */ = {isa = PBXFileReference; lastKnownFileType = wrapper.framework; name = XCTest.framework; path = Library/Frameworks/XCTest.framework; sourceTree = DEVELOPER_DIR; };
		2134748A1BFFF24A00D1212B /* liloDemoTests-Info.plist */ = {isa = PBXFileReference; lastKnownFileType = text.plist.xml; path = "liloDemoTests-Info.plist"; sourceTree = "<group>"; };
		2134748C1BFFF24A00D1212B /* en */ = {isa = PBXFileReference; lastKnownFileType = text.plist.strings; name = en; path = en.lproj/InfoPlist.strings; sourceTree = "<group>"; };
		2134748E1BFFF24A00D1212B /* liloDemoTests.m */ = {isa = PBXFileReference; lastKnownFileType = sourcecode.c.objc; path = liloDemoTests.m; sourceTree = "<group>"; };
/* End PBXFileReference section */

/* Begin PBXFrameworksBuildPhase section */
		2134745D1BFFF24A00D1212B /* Frameworks */ = {
			isa = PBXFrameworksBuildPhase;
			buildActionMask = 2147483647;
			files = (
				213474661BFFF24A00D1212B /* CoreGraphics.framework in Frameworks */,
				213474681BFFF24A00D1212B /* UIKit.framework in Frameworks */,
				213474641BFFF24A00D1212B /* Foundation.framework in Frameworks */,
			);
			runOnlyForDeploymentPostprocessing = 0;
		};
		2134747E1BFFF24A00D1212B /* Frameworks */ = {
			isa = PBXFrameworksBuildPhase;
			buildActionMask = 2147483647;
			files = (
				213474831BFFF24A00D1212B /* XCTest.framework in Frameworks */,
				213474851BFFF24A00D1212B /* UIKit.framework in Frameworks */,
				213474841BFFF24A00D1212B /* Foundation.framework in Frameworks */,
			);
			runOnlyForDeploymentPostprocessing = 0;
		};
/* End PBXFrameworksBuildPhase section */

/* Begin PBXGroup section */
		213474571BFFF24A00D1212B = {
			isa = PBXGroup;
			children = (
				213474691BFFF24A00D1212B /* liloDemo */,
				213474881BFFF24A00D1212B /* liloDemoTests */,
				213474621BFFF24A00D1212B /* Frameworks */,
				213474611BFFF24A00D1212B /* Products */,
			);
			sourceTree = "<group>";
		};
		213474611BFFF24A00D1212B /* Products */ = {
			isa = PBXGroup;
			children = (
				213474601BFFF24A00D1212B /* liloDemo.app */,
				213474811BFFF24A00D1212B /* liloDemoTests.xctest */,
			);
			name = Products;
			sourceTree = "<group>";
		};
		213474621BFFF24A00D1212B /* Frameworks */ = {
			isa = PBXGroup;
			children = (
				213474631BFFF24A00D1212B /* Foundation.framework */,
				213474651BFFF24A00D1212B /* CoreGraphics.framework */,
				213474671BFFF24A00D1212B /* UIKit.framework */,
				213474821BFFF24A00D1212B /* XCTest.framework */,
			);
			name = Frameworks;
			sourceTree = "<group>";
		};
		213474691BFFF24A00D1212B /* liloDemo */ = {
			isa = PBXGroup;
			children = (
				213474721BFFF24A00D1212B /* LiloAppDelegate.h */,
				213474731BFFF24A00D1212B /* LiloAppDelegate.m */,
				213474751BFFF24A00D1212B /* Main.storyboard */,
				213474781BFFF24A00D1212B /* LiloViewController.h */,
				213474791BFFF24A00D1212B /* LiloViewController.m */,
				2134747B1BFFF24A00D1212B /* Images.xcassets */,
				2134746A1BFFF24A00D1212B /* Supporting Files */,
			);
			path = liloDemo;
			sourceTree = "<group>";
		};
		2134746A1BFFF24A00D1212B /* Supporting Files */ = {
			isa = PBXGroup;
			children = (
				2134746B1BFFF24A00D1212B /* liloDemo-Info.plist */,
				2134746C1BFFF24A00D1212B /* InfoPlist.strings */,
				2134746F1BFFF24A00D1212B /* main.m */,
				213474711BFFF24A00D1212B /* liloDemo-Prefix.pch */,
			);
			name = "Supporting Files";
			sourceTree = "<group>";
		};
		213474881BFFF24A00D1212B /* liloDemoTests */ = {
			isa = PBXGroup;
			children = (
				2134748E1BFFF24A00D1212B /* liloDemoTests.m */,
				213474891BFFF24A00D1212B /* Supporting Files */,
			);
			path = liloDemoTests;
			sourceTree = "<group>";
		};
		213474891BFFF24A00D1212B /* Supporting Files */ = {
			isa = PBXGroup;
			children = (
				2134748A1BFFF24A00D1212B /* liloDemoTests-Info.plist */,
				2134748B1BFFF24A00D1212B /* InfoPlist.strings */,
			);
			name = "Supporting Files";
			sourceTree = "<group>";
		};
/* End PBXGroup section */

/* Begin PBXNativeTarget section */
		2134745F1BFFF24A00D1212B /* liloDemo */ = {
			isa = PBXNativeTarget;
			buildConfigurationList = 213474921BFFF24A00D1212B /* Build configuration list for PBXNativeTarget "liloDemo" */;
			buildPhases = (
				2134745C1BFFF24A00D1212B /* Sources */,
				2134745D1BFFF24A00D1212B /* Frameworks */,
				2134745E1BFFF24A00D1212B /* Resources */,
			);
			buildRules = (
			);
			dependencies = (
			);
			name = liloDemo;
			productName = liloDemo;
			productReference = 213474601BFFF24A00D1212B /* liloDemo.app */;
			productType = "com.apple.product-type.application";
		};
		213474801BFFF24A00D1212B /* liloDemoTests */ = {
			isa = PBXNativeTarget;
			buildConfigurationList = 213474951BFFF24A00D1212B /* Build configuration list for PBXNativeTarget "liloDemoTests" */;
			buildPhases = (
				2134747D1BFFF24A00D1212B /* Sources */,
				2134747E1BFFF24A00D1212B /* Frameworks */,
				2134747F1BFFF24A00D1212B /* Resources */,
			);
			buildRules = (
			);
			dependencies = (
				213474871BFFF24A00D1212B /* PBXTargetDependency */,
			);
			name = liloDemoTests;
			productName = liloDemoTests;
			productReference = 213474811BFFF24A00D1212B /* liloDemoTests.xctest */;
			productType = "com.apple.product-type.bundle.unit-test";
		};
/* End PBXNativeTarget section */

/* Begin PBXProject section */
		213474581BFFF24A00D1212B /* Project object */ = {
			isa = PBXProject;
			attributes = {
				CLASSPREFIX = Lilo;
				LastUpgradeCheck = 0510;
				ORGANIZATIONNAME = lilo;
				TargetAttributes = {
					213474801BFFF24A00D1212B = {
						TestTargetID = 2134745F1BFFF24A00D1212B;
					};
				};
			};
			buildConfigurationList = 2134745B1BFFF24A00D1212B /* Build configuration list for PBXProject "liloDemo" */;
			compatibilityVersion = "Xcode 3.2";
			developmentRegion = English;
			hasScannedForEncodings = 0;
			knownRegions = (
				en,
				Base,
			);
			mainGroup = 213474571BFFF24A00D1212B;
			productRefGroup = 213474611BFFF24A00D1212B /* Products */;
			projectDirPath = "";
			projectRoot = "";
			targets = (
				2134745F1BFFF24A00D1212B /* liloDemo */,
				213474801BFFF24A00D1212B /* liloDemoTests */,
			);
		};
/* End PBXProject section */

/* Begin PBXResourcesBuildPhase section */
		2134745E1BFFF24A00D1212B /* Resources */ = {
			isa = PBXResourcesBuildPhase;
			buildActionMask = 2147483647;
			files = (
				2134747C1BFFF24A00D1212B /* Images.xcassets in Resources */,
				2134746E1BFFF24A00D1212B /* InfoPlist.strings in Resources */,
				213474771BFFF24A00D1212B /* Main.storyboard in Resources */,
			);
			runOnlyForDeploymentPostprocessing = 0;
		};
		2134747F1BFFF24A00D1212B /* Resources */ = {
			isa = PBXResourcesBuildPhase;
			buildActionMask = 2147483647;
			files = (
				2134748D1BFFF24A00D1212B /* InfoPlist.strings in Resources */,
			);
			runOnlyForDeploymentPostprocessing = 0;
		};
/* End PBXResourcesBuildPhase section */

/* Begin PBXSourcesBuildPhase section */
		2134745C1BFFF24A00D1212B /* Sources */ = {
			isa = PBXSourcesBuildPhase;
			buildActionMask = 2147483647;
			files = (
				2134747A1BFFF24A00D1212B /* LiloViewController.m in Sources */,
				213474741BFFF24A00D1212B /* LiloAppDelegate.m in Sources */,
				213474701BFFF24A00D1212B /* main.m in Sources */,
			);
			runOnlyForDeploymentPostprocessing = 0;
		};
		2134747D1BFFF24A00D1212B /* Sources */ = {
			isa = PBXSourcesBuildPhase;
			buildActionMask = 2147483647;
			files = (
				2134748F1BFFF24A00D1212B /* liloDemoTests.m in Sources */,
			);
			runOnlyForDeploymentPostprocessing = 0;
		};
/* End PBXSourcesBuildPhase section */

/* Begin PBXTargetDependency section */
		213474871BFFF24A00D1212B /* PBXTargetDependency */ = {
			isa = PBXTargetDependency;
			target = 2134745F1BFFF24A00D1212B /* liloDemo */;
			targetProxy = 213474861BFFF24A00D1212B /* PBXContainerItemProxy */;
		};
/* End PBXTargetDependency section */

/* Begin PBXVariantGroup section */
		2134746C1BFFF24A00D1212B /* InfoPlist.strings */ = {
			isa = PBXVariantGroup;
			children = (
				2134746D1BFFF24A00D1212B /* en */,
			);
			name = InfoPlist.strings;
			sourceTree = "<group>";
		};
		213474751BFFF24A00D1212B /* Main.storyboard */ = {
			isa = PBXVariantGroup;
			children = (
				213474761BFFF24A00D1212B /* Base */,
			);
			name = Main.storyboard;
			sourceTree = "<group>";
		};
		2134748B1BFFF24A00D1212B /* InfoPlist.strings */ = {
			isa = PBXVariantGroup;
			children = (
				2134748C1BFFF24A00D1212B /* en */,
			);
			name = InfoPlist.strings;
			sourceTree = "<group>";
		};
/* End PBXVariantGroup section */

/* Begin XCBuildConfiguration section */
		213474901BFFF24A00D1212B /* Debug */ = {
			isa = XCBuildConfiguration;
			buildSettings = {
				ALWAYS_SEARCH_USER_PATHS = NO;
				CLANG_CXX_LANGUAGE_STANDARD = "gnu++0x";
				CLANG_CXX_LIBRARY = "libc++";
				CLANG_ENABLE_MODULES = YES;
				CLANG_ENABLE_OBJC_ARC = YES;
				CLANG_WARN_BOOL_CONVERSION = YES;
				CLANG_WARN_CONSTANT_CONVERSION = YES;
				CLANG_WARN_DIRECT_OBJC_ISA_USAGE = YES_ERROR;
				CLANG_WARN_EMPTY_BODY = YES;
				CLANG_WARN_ENUM_CONVERSION = YES;
				CLANG_WARN_INT_CONVERSION = YES;
				CLANG_WARN_OBJC_ROOT_CLASS = YES_ERROR;
				CLANG_WARN__DUPLICATE_METHOD_MATCH = YES;
				"CODE_SIGN_IDENTITY[sdk=iphoneos*]" = "iPhone Developer";
				COPY_PHASE_STRIP = NO;
				GCC_C_LANGUAGE_STANDARD = gnu99;
				GCC_DYNAMIC_NO_PIC = NO;
				GCC_OPTIMIZATION_LEVEL = 0;
				GCC_PREPROCESSOR_DEFINITIONS = (
					"DEBUG=1",
					"$(inherited)",
				);
				GCC_SYMBOLS_PRIVATE_EXTERN = NO;
				GCC_WARN_64_TO_32_BIT_CONVERSION = YES;
				GCC_WARN_ABOUT_RETURN_TYPE = YES_ERROR;
				GCC_WARN_UNDECLARED_SELECTOR = YES;
				GCC_WARN_UNINITIALIZED_AUTOS = YES_AGGRESSIVE;
				GCC_WARN_UNUSED_FUNCTION = YES;
				GCC_WARN_UNUSED_VARIABLE = YES;
				IPHONEOS_DEPLOYMENT_TARGET = 7.1;
				ONLY_ACTIVE_ARCH = YES;
				SDKROOT = iphoneos;
			};
			name = Debug;
		};
		213474911BFFF24A00D1212B /* Release */ = {
			isa = XCBuildConfiguration;
			buildSettings = {
				ALWAYS_SEARCH_USER_PATHS = NO;
				CLANG_CXX_LANGUAGE_STANDARD = "gnu++0x";
				CLANG_CXX_LIBRARY = "libc++";
				CLANG_ENABLE_MODULES = YES;
				CLANG_ENABLE_OBJC_ARC = YES;
				CLANG_WARN_BOOL_CONVERSION = YES;
				CLANG_WARN_CONSTANT_CONVERSION = YES;
				CLANG_WARN_DIRECT_OBJC_ISA_USAGE = YES_ERROR;
				CLANG_WARN_EMPTY_BODY = YES;
				CLANG_WARN_ENUM_CONVERSION = YES;
				CLANG_WARN_INT_CONVERSION = YES;
				CLANG_WARN_OBJC_ROOT_CLASS = YES_ERROR;
				CLANG_WARN__DUPLICATE_METHOD_MATCH = YES;
				"CODE_SIGN_IDENTITY[sdk=iphoneos*]" = "iPhone Developer";
				COPY_PHASE_STRIP = YES;
				ENABLE_NS_ASSERTIONS = NO;
				GCC_C_LANGUAGE_STANDARD = gnu99;
				GCC_WARN_64_TO_32_BIT_CONVERSION = YES;
				GCC_WARN_ABOUT_RETURN_TYPE = YES_ERROR;
				GCC_WARN_UNDECLARED_SELECTOR = YES;
				GCC_WARN_UNINITIALIZED_AUTOS = YES_AGGRESSIVE;
				GCC_WARN_UNUSED_FUNCTION = YES;
				GCC_WARN_UNUSED_VARIABLE = YES;
				IPHONEOS_DEPLOYMENT_TARGET = 7.1;
				SDKROOT = iphoneos;
				VALIDATE_PRODUCT = YES;
			};
			name = Release;
		};
		213474931BFFF24A00D1212B /* Debug */ = {
			isa = XCBuildConfiguration;
			buildSettings = {
				ASSETCATALOG_COMPILER_APPICON_NAME = AppIcon;
				ASSETCATALOG_COMPILER_LAUNCHIMAGE_NAME = LaunchImage;
				GCC_PRECOMPILE_PREFIX_HEADER = YES;
				GCC_PREFIX_HEADER = "liloDemo/liloDemo-Prefix.pch";
				INFOPLIST_FILE = "liloDemo/liloDemo-Info.plist";
				PRODUCT_NAME = "$(TARGET_NAME)";
				WRAPPER_EXTENSION = app;
			};
			name = Debug;
		};
		213474941BFFF24A00D1212B /* Release */ = {
			isa = XCBuildConfiguration;
			buildSettings = {
				ASSETCATALOG_COMPILER_APPICON_NAME = AppIcon;
				ASSETCATALOG_COMPILER_LAUNCHIMAGE_NAME = LaunchImage;
				GCC_PRECOMPILE_PREFIX_HEADER = YES;
				GCC_PREFIX_HEADER = "liloDemo/liloDemo-Prefix.pch";
				INFOPLIST_FILE = "liloDemo/liloDemo-Info.plist";
				PRODUCT_NAME = "$(TARGET_NAME)";
				WRAPPER_EXTENSION = app;
			};
			name = Release;
		};
		213474961BFFF24A00D1212B /* Debug */ = {
			isa = XCBuildConfiguration;
			buildSettings = {
				BUNDLE_LOADER = "$(BUILT_PRODUCTS_DIR)/liloDemo.app/liloDemo";
				FRAMEWORK_SEARCH_PATHS = (
					"$(SDKROOT)/Developer/Library/Frameworks",
					"$(inherited)",
					"$(DEVELOPER_FRAMEWORKS_DIR)",
				);
				GCC_PRECOMPILE_PREFIX_HEADER = YES;
				GCC_PREFIX_HEADER = "liloDemo/liloDemo-Prefix.pch";
				GCC_PREPROCESSOR_DEFINITIONS = (
					"DEBUG=1",
					"$(inherited)",
				);
				INFOPLIST_FILE = "liloDemoTests/liloDemoTests-Info.plist";
				PRODUCT_NAME = "$(TARGET_NAME)";
				TEST_HOST = "$(BUNDLE_LOADER)";
				WRAPPER_EXTENSION = xctest;
			};
			name = Debug;
		};
		213474971BFFF24A00D1212B /* Release */ = {
			isa = XCBuildConfiguration;
			buildSettings = {
				BUNDLE_LOADER = "$(BUILT_PRODUCTS_DIR)/liloDemo.app/liloDemo";
				FRAMEWORK_SEARCH_PATHS = (
					"$(SDKROOT)/Developer/Library/Frameworks",
					"$(inherited)",
					"$(DEVELOPER_FRAMEWORKS_DIR)",
				);
				GCC_PRECOMPILE_PREFIX_HEADER = YES;
				GCC_PREFIX_HEADER = "liloDemo/liloDemo-Prefix.pch";
				INFOPLIST_FILE = "liloDemoTests/liloDemoTests-Info.plist";
				PRODUCT_NAME = "$(TARGET_NAME)";
				TEST_HOST = "$(BUNDLE_LOADER)";
				WRAPPER_EXTENSION = xctest;
			};
			name = Release;
		};
/* End XCBuildConfiguration section */

/* Begin XCConfigurationList section */
		2134745B1BFFF24A00D1212B /* Build configuration list for PBXProject "liloDemo" */ = {
			isa = XCConfigurationList;
			buildConfigurations = (
				213474901BFFF24A00D1212B /* Debug */,
				213474911BFFF24A00D1212B /* Release */,
			);
			defaultConfigurationIsVisible = 0;
			defaultConfigurationName = Release;
		};
		213474921BFFF24A00D1212B /* Build configuration list for PBXNativeTarget "liloDemo" */ = {
			isa = XCConfigurationList;
			buildConfigurations = (
				213474931BFFF24A00D1212B /* Debug */,
				213474941BFFF24A00D1212B /* Release */,
			);
			defaultConfigurationIsVisible = 0;
		};
		213474951BFFF24A00D1212B /* Build configuration list for PBXNativeTarget "liloDemoTests" */ = {
			isa = XCConfigurationList;
			buildConfigurations = (
				213474961BFFF24A00D1212B /* Debug */,
				213474971BFFF24A00D1212B /* Release */,
			);
			defaultConfigurationIsVisible = 0;
		};
/* End XCConfigurationList section */
	};
	rootObject = 213474581BFFF24A00D1212B /* Project object */;
}
